
Microsoft Visual Studio Solution File, Format Version 12.00
# Visual Studio Version 16
VisualStudioVersion = 16.0.31205.134
MinimumVisualStudioVersion = 10.0.40219.1
Project("{9A19103F-16F7-4668-BE54-9A1E7A4F7556}") = "Azos", "Azos\Azos.csproj", "{C2BF5275-C8C2-46CC-86C7-A83A75C2BE0D}"
	ProjectSection(ProjectDependencies) = postProject
		{A9434D3F-E520-41A4-B844-0891D4D8C2D4} = {A9434D3F-E520-41A4-B844-0891D4D8C2D4}
		{AB869DBB-623B-4A34-8D06-D11FAEE2B8F1} = {AB869DBB-623B-4A34-8D06-D11FAEE2B8F1}
	EndProjectSection
EndProject
Project("{2150E333-8FDC-42A3-9474-1A3956D46DE8}") = "runtimes", "runtimes", "{344ACA28-AC93-4CA9-9203-78C93A4918CD}"
EndProject
Project("{2150E333-8FDC-42A3-9474-1A3956D46DE8}") = "core", "core", "{ABC662BC-C8F5-4D1F-A411-E45DCFC5417E}"
EndProject
Project("{2150E333-8FDC-42A3-9474-1A3956D46DE8}") = "netf", "netf", "{F572F5AC-8BDE-4D36-BE8A-ED42299C576F}"
EndProject
Project("{FAE04EC0-301F-11D3-BF4B-00C04F79EFBC}") = "buildinfo", "runtimes\netf\buildinfo\buildinfo.csproj", "{AB869DBB-623B-4A34-8D06-D11FAEE2B8F1}"
EndProject
Project("{9A19103F-16F7-4668-BE54-9A1E7A4F7556}") = "buildinfo", "runtimes\core\buildinfo\buildinfo.csproj", "{A9434D3F-E520-41A4-B844-0891D4D8C2D4}"
EndProject
Global
	GlobalSection(SolutionConfigurationPlatforms) = preSolution
		Debug|Any CPU = Debug|Any CPU
		Release|Any CPU = Release|Any CPU
	EndGlobalSection
	GlobalSection(ProjectConfigurationPlatforms) = postSolution
		{C2BF5275-C8C2-46CC-86C7-A83A75C2BE0D}.Debug|Any CPU.ActiveCfg = Debug|Any CPU
		{C2BF5275-C8C2-46CC-86C7-A83A75C2BE0D}.Debug|Any CPU.Build.0 = Debug|Any CPU
		{C2BF5275-C8C2-46CC-86C7-A83A75C2BE0D}.Release|Any CPU.ActiveCfg = Release|Any CPU
		{C2BF5275-C8C2-46CC-86C7-A83A75C2BE0D}.Release|Any CPU.Build.0 = Release|Any CPU
		{AB869DBB-623B-4A34-8D06-D11FAEE2B8F1}.Debug|Any CPU.ActiveCfg = Debug|Any CPU
		{AB869DBB-623B-4A34-8D06-D11FAEE2B8F1}.Debug|Any CPU.Build.0 = Debug|Any CPU
		{AB869DBB-623B-4A34-8D06-D11FAEE2B8F1}.Release|Any CPU.ActiveCfg = Release|Any CPU
		{AB869DBB-623B-4A34-8D06-D11FAEE2B8F1}.Release|Any CPU.Build.0 = Release|Any CPU
		{A9434D3F-E520-41A4-B844-0891D4D8C2D4}.Debug|Any CPU.ActiveCfg = Debug|Any CPU
		{A9434D3F-E520-41A4-B844-0891D4D8C2D4}.Debug|Any CPU.Build.0 = Debug|Any CPU
		{A9434D3F-E520-41A4-B844-0891D4D8C2D4}.Release|Any CPU.ActiveCfg = Release|Any CPU
		{A9434D3F-E520-41A4-B844-0891D4D8C2D4}.Release|Any CPU.Build.0 = Release|Any CPU
	EndGlobalSection
	GlobalSection(SolutionProperties) = preSolution
		HideSolutionNode = FALSE
	EndGlobalSection
	GlobalSection(NestedProjects) = preSolution
		{ABC662BC-C8F5-4D1F-A411-E45DCFC5417E} = {344ACA28-AC93-4CA9-9203-78C93A4918CD}
		{F572F5AC-8BDE-4D36-BE8A-ED42299C576F} = {344ACA28-AC93-4CA9-9203-78C93A4918CD}
		{AB869DBB-623B-4A34-8D06-D11FAEE2B8F1} = {F572F5AC-8BDE-4D36-BE8A-ED42299C576F}
		{A9434D3F-E520-41A4-B844-0891D4D8C2D4} = {ABC662BC-C8F5-4D1F-A411-E45DCFC5417E}
	EndGlobalSection
	GlobalSection(ExtensibilityGlobals) = postSolution
		SolutionGuid = {75EF590C-FE75-45E7-B941-B225EF484F5F}
	EndGlobalSection
EndGlobal
