
Microsoft Visual Studio Solution File, Format Version 12.00
# Visual Studio Version 16
VisualStudioVersion = 16.0.31205.134
MinimumVisualStudioVersion = 10.0.40219.1
Project("{FAE04EC0-301F-11D3-BF4B-00C04F79EFBC}") = "SlimSerializer", "SlimSerializercore\SlimSerializer.csproj", "{3FD2052A-9C5B-4FAB-923E-E0A36A4B8455}"
EndProject
Global
	GlobalSection(SolutionConfigurationPlatforms) = preSolution
		Debug|Any CPU = Debug|Any CPU
		Release|Any CPU = Release|Any CPU
	EndGlobalSection
	GlobalSection(ProjectConfigurationPlatforms) = postSolution
		{3FD2052A-9C5B-4FAB-923E-E0A36A4B8455}.Debug|Any CPU.ActiveCfg = Debug|Any CPU
		{3FD2052A-9C5B-4FAB-923E-E0A36A4B8455}.Debug|Any CPU.Build.0 = Debug|Any CPU
		{3FD2052A-9C5B-4FAB-923E-E0A36A4B8455}.Release|Any CPU.ActiveCfg = Release|Any CPU
		{3FD2052A-9C5B-4FAB-923E-E0A36A4B8455}.Release|Any CPU.Build.0 = Release|Any CPU
	EndGlobalSection
	GlobalSection(SolutionProperties) = preSolution
		HideSolutionNode = FALSE
	EndGlobalSection
	GlobalSection(ExtensibilityGlobals) = postSolution
		SolutionGuid = {75EF590C-FE75-45E7-B941-B225EF484F5F}
	EndGlobalSection
EndGlobal
